
Microsoft Visual Studio Solution File, Format Version 12.00
# Visual Studio 15
VisualStudioVersion = 15.0.28010.2048
MinimumVisualStudioVersion = 10.0.40219.1
Project("{FAE04EC0-301F-11D3-BF4B-00C04F79EFBC}") = "EstructurasSecuenciales", "EstructurasSecuenciales\EstructurasSecuenciales.csproj", "{C20ED70A-EFD4-44E7-808B-EB1D6281327B}"
EndProject
Global
	GlobalSection(SolutionConfigurationPlatforms) = preSolution
		Debug|Any CPU = Debug|Any CPU
		Release|Any CPU = Release|Any CPU
	EndGlobalSection
	GlobalSection(ProjectConfigurationPlatforms) = postSolution
		{C20ED70A-EFD4-44E7-808B-EB1D6281327B}.Debug|Any CPU.ActiveCfg = Debug|Any CPU
		{C20ED70A-EFD4-44E7-808B-EB1D6281327B}.Debug|Any CPU.Build.0 = Debug|Any CPU
		{C20ED70A-EFD4-44E7-808B-EB1D6281327B}.Release|Any CPU.ActiveCfg = Release|Any CPU
		{C20ED70A-EFD4-44E7-808B-EB1D6281327B}.Release|Any CPU.Build.0 = Release|Any CPU
	EndGlobalSection
	GlobalSection(SolutionProperties) = preSolution
		HideSolutionNode = FALSE
	EndGlobalSection
	GlobalSection(ExtensibilityGlobals) = postSolution
		SolutionGuid = {2837F6DD-CFCB-486F-866D-E08F565C681D}
	EndGlobalSection
EndGlobal
